// !$*UTF8*$!
{
	archiveVersion = 1;
	classes = {
	};
	objectVersion = 46;
	objects = {

/* Begin PBXBuildFile section */
		813EE5351B2F088900C5DE07 /* main.m in Sources */ = {isa = PBXBuildFile; fileRef = 813EE5341B2F088900C5DE07 /* main.m */; };
		813EE5381B2F088900C5DE07 /* AppDelegate.m in Sources */ = {isa = PBXBuildFile; fileRef = 813EE5371B2F088900C5DE07 /* AppDelegate.m */; };
		813EE53B1B2F088900C5DE07 /* ViewController.m in Sources */ = {isa = PBXBuildFile; fileRef = 813EE53A1B2F088900C5DE07 /* ViewController.m */; };
		813EE53E1B2F088900C5DE07 /* Main.storyboard in Resources */ = {isa = PBXBuildFile; fileRef = 813EE53C1B2F088900C5DE07 /* Main.storyboard */; };
		813EE5401B2F088900C5DE07 /* Images.xcassets in Resources */ = {isa = PBXBuildFile; fileRef = 813EE53F1B2F088900C5DE07 /* Images.xcassets */; };
		813EE5431B2F088900C5DE07 /* LaunchScreen.xib in Resources */ = {isa = PBXBuildFile; fileRef = 813EE5411B2F088900C5DE07 /* LaunchScreen.xib */; };
		813EE54F1B2F088900C5DE07 /* Team_HappyTests.m in Sources */ = {isa = PBXBuildFile; fileRef = 813EE54E1B2F088900C5DE07 /* Team_HappyTests.m */; };
		813EE55C1B2F156B00C5DE07 /* EndscreenView.m in Sources */ = {isa = PBXBuildFile; fileRef = 813EE55B1B2F156B00C5DE07 /* EndscreenView.m */; };
		813EE55F1B2F162F00C5DE07 /* EndscreenViewController.m in Sources */ = {isa = PBXBuildFile; fileRef = 813EE55E1B2F162F00C5DE07 /* EndscreenViewController.m */; };
/* End PBXBuildFile section */

/* Begin PBXContainerItemProxy section */
		813EE5491B2F088900C5DE07 /* PBXContainerItemProxy */ = {
			isa = PBXContainerItemProxy;
			containerPortal = 813EE5271B2F088900C5DE07 /* Project object */;
			proxyType = 1;
			remoteGlobalIDString = 813EE52E1B2F088900C5DE07;
			remoteInfo = "Team Happy";
		};
/* End PBXContainerItemProxy section */

/* Begin PBXFileReference section */
		813EE52F1B2F088900C5DE07 /* Team Happy.app */ = {isa = PBXFileReference; explicitFileType = wrapper.application; includeInIndex = 0; path = "Team Happy.app"; sourceTree = BUILT_PRODUCTS_DIR; };
		813EE5331B2F088900C5DE07 /* Info.plist */ = {isa = PBXFileReference; lastKnownFileType = text.plist.xml; path = Info.plist; sourceTree = "<group>"; };
		813EE5341B2F088900C5DE07 /* main.m */ = {isa = PBXFileReference; lastKnownFileType = sourcecode.c.objc; path = main.m; sourceTree = "<group>"; };
		813EE5361B2F088900C5DE07 /* AppDelegate.h */ = {isa = PBXFileReference; lastKnownFileType = sourcecode.c.h; path = AppDelegate.h; sourceTree = "<group>"; };
		813EE5371B2F088900C5DE07 /* AppDelegate.m */ = {isa = PBXFileReference; lastKnownFileType = sourcecode.c.objc; path = AppDelegate.m; sourceTree = "<group>"; };
		813EE5391B2F088900C5DE07 /* ViewController.h */ = {isa = PBXFileReference; lastKnownFileType = sourcecode.c.h; path = ViewController.h; sourceTree = "<group>"; };
		813EE53A1B2F088900C5DE07 /* ViewController.m */ = {isa = PBXFileReference; lastKnownFileType = sourcecode.c.objc; path = ViewController.m; sourceTree = "<group>"; };
		813EE53D1B2F088900C5DE07 /* Base */ = {isa = PBXFileReference; lastKnownFileType = file.storyboard; name = Base; path = Base.lproj/Main.storyboard; sourceTree = "<group>"; };
		813EE53F1B2F088900C5DE07 /* Images.xcassets */ = {isa = PBXFileReference; lastKnownFileType = folder.assetcatalog; path = Images.xcassets; sourceTree = "<group>"; };
		813EE5421B2F088900C5DE07 /* Base */ = {isa = PBXFileReference; lastKnownFileType = file.xib; name = Base; path = Base.lproj/LaunchScreen.xib; sourceTree = "<group>"; };
		813EE5481B2F088900C5DE07 /* Team HappyTests.xctest */ = {isa = PBXFileReference; explicitFileType = wrapper.cfbundle; includeInIndex = 0; path = "Team HappyTests.xctest"; sourceTree = BUILT_PRODUCTS_DIR; };
		813EE54D1B2F088900C5DE07 /* Info.plist */ = {isa = PBXFileReference; lastKnownFileType = text.plist.xml; path = Info.plist; sourceTree = "<group>"; };
		813EE54E1B2F088900C5DE07 /* Team_HappyTests.m */ = {isa = PBXFileReference; lastKnownFileType = sourcecode.c.objc; path = Team_HappyTests.m; sourceTree = "<group>"; };
		813EE55A1B2F156B00C5DE07 /* EndscreenView.h */ = {isa = PBXFileReference; fileEncoding = 4; lastKnownFileType = sourcecode.c.h; path = EndscreenView.h; sourceTree = "<group>"; };
		813EE55B1B2F156B00C5DE07 /* EndscreenView.m */ = {isa = PBXFileReference; fileEncoding = 4; lastKnownFileType = sourcecode.c.objc; path = EndscreenView.m; sourceTree = "<group>"; };
		813EE55D1B2F162F00C5DE07 /* EndscreenViewController.h */ = {isa = PBXFileReference; fileEncoding = 4; lastKnownFileType = sourcecode.c.h; path = EndscreenViewController.h; sourceTree = "<group>"; };
		813EE55E1B2F162F00C5DE07 /* EndscreenViewController.m */ = {isa = PBXFileReference; fileEncoding = 4; lastKnownFileType = sourcecode.c.objc; path = EndscreenViewController.m; sourceTree = "<group>"; };
/* End PBXFileReference section */

/* Begin PBXFrameworksBuildPhase section */
		813EE52C1B2F088900C5DE07 /* Frameworks */ = {
			isa = PBXFrameworksBuildPhase;
			buildActionMask = 2147483647;
			files = (
			);
			runOnlyForDeploymentPostprocessing = 0;
		};
		813EE5451B2F088900C5DE07 /* Frameworks */ = {
			isa = PBXFrameworksBuildPhase;
			buildActionMask = 2147483647;
			files = (
			);
			runOnlyForDeploymentPostprocessing = 0;
		};
/* End PBXFrameworksBuildPhase section */

/* Begin PBXGroup section */
		813EE5261B2F088900C5DE07 = {
			isa = PBXGroup;
			children = (
				813EE5311B2F088900C5DE07 /* Team Happy */,
				813EE54B1B2F088900C5DE07 /* Team HappyTests */,
				813EE5301B2F088900C5DE07 /* Products */,
			);
			sourceTree = "<group>";
		};
		813EE5301B2F088900C5DE07 /* Products */ = {
			isa = PBXGroup;
			children = (
				813EE52F1B2F088900C5DE07 /* Team Happy.app */,
				813EE5481B2F088900C5DE07 /* Team HappyTests.xctest */,
			);
			name = Products;
			sourceTree = "<group>";
		};
		813EE5311B2F088900C5DE07 /* Team Happy */ = {
			isa = PBXGroup;
			children = (
				813EE5591B2F110900C5DE07 /* Controllers */,
				813EE5581B2F10F800C5DE07 /* Views */,
				813EE5361B2F088900C5DE07 /* AppDelegate.h */,
				813EE5371B2F088900C5DE07 /* AppDelegate.m */,
				813EE53C1B2F088900C5DE07 /* Main.storyboard */,
				813EE53F1B2F088900C5DE07 /* Images.xcassets */,
				813EE5411B2F088900C5DE07 /* LaunchScreen.xib */,
				813EE5321B2F088900C5DE07 /* Supporting Files */,
			);
			path = "Team Happy";
			sourceTree = "<group>";
		};
		813EE5321B2F088900C5DE07 /* Supporting Files */ = {
			isa = PBXGroup;
			children = (
				813EE5331B2F088900C5DE07 /* Info.plist */,
				813EE5341B2F088900C5DE07 /* main.m */,
			);
			name = "Supporting Files";
			sourceTree = "<group>";
		};
		813EE54B1B2F088900C5DE07 /* Team HappyTests */ = {
			isa = PBXGroup;
			children = (
				813EE54E1B2F088900C5DE07 /* Team_HappyTests.m */,
				813EE54C1B2F088900C5DE07 /* Supporting Files */,
			);
			path = "Team HappyTests";
			sourceTree = "<group>";
		};
		813EE54C1B2F088900C5DE07 /* Supporting Files */ = {
			isa = PBXGroup;
			children = (
				813EE54D1B2F088900C5DE07 /* Info.plist */,
			);
			name = "Supporting Files";
			sourceTree = "<group>";
		};
		813EE5581B2F10F800C5DE07 /* Views */ = {
			isa = PBXGroup;
			children = (
				813EE55A1B2F156B00C5DE07 /* EndscreenView.h */,
				813EE55B1B2F156B00C5DE07 /* EndscreenView.m */,
			);
			name = Views;
			sourceTree = "<group>";
		};
		813EE5591B2F110900C5DE07 /* Controllers */ = {
			isa = PBXGroup;
			children = (
				813EE5391B2F088900C5DE07 /* ViewController.h */,
				813EE53A1B2F088900C5DE07 /* ViewController.m */,
				813EE55D1B2F162F00C5DE07 /* EndscreenViewController.h */,
				813EE55E1B2F162F00C5DE07 /* EndscreenViewController.m */,
			);
			name = Controllers;
			sourceTree = "<group>";
		};
/* End PBXGroup section */

/* Begin PBXNativeTarget section */
		813EE52E1B2F088900C5DE07 /* Team Happy */ = {
			isa = PBXNativeTarget;
			buildConfigurationList = 813EE5521B2F088900C5DE07 /* Build configuration list for PBXNativeTarget "Team Happy" */;
			buildPhases = (
				813EE52B1B2F088900C5DE07 /* Sources */,
				813EE52C1B2F088900C5DE07 /* Frameworks */,
				813EE52D1B2F088900C5DE07 /* Resources */,
			);
			buildRules = (
			);
			dependencies = (
			);
			name = "Team Happy";
			productName = "Team Happy";
			productReference = 813EE52F1B2F088900C5DE07 /* Team Happy.app */;
			productType = "com.apple.product-type.application";
		};
		813EE5471B2F088900C5DE07 /* Team HappyTests */ = {
			isa = PBXNativeTarget;
			buildConfigurationList = 813EE5551B2F088900C5DE07 /* Build configuration list for PBXNativeTarget "Team HappyTests" */;
			buildPhases = (
				813EE5441B2F088900C5DE07 /* Sources */,
				813EE5451B2F088900C5DE07 /* Frameworks */,
				813EE5461B2F088900C5DE07 /* Resources */,
			);
			buildRules = (
			);
			dependencies = (
				813EE54A1B2F088900C5DE07 /* PBXTargetDependency */,
			);
			name = "Team HappyTests";
			productName = "Team HappyTests";
			productReference = 813EE5481B2F088900C5DE07 /* Team HappyTests.xctest */;
			productType = "com.apple.product-type.bundle.unit-test";
		};
/* End PBXNativeTarget section */

/* Begin PBXProject section */
		813EE5271B2F088900C5DE07 /* Project object */ = {
			isa = PBXProject;
			attributes = {
				LastUpgradeCheck = 0630;
				ORGANIZATIONNAME = Imengine;
				TargetAttributes = {
					813EE52E1B2F088900C5DE07 = {
						CreatedOnToolsVersion = 6.3.2;
						DevelopmentTeam = 598ST6PRZ8;
					};
					813EE5471B2F088900C5DE07 = {
						CreatedOnToolsVersion = 6.3.2;
						TestTargetID = 813EE52E1B2F088900C5DE07;
					};
				};
			};
			buildConfigurationList = 813EE52A1B2F088900C5DE07 /* Build configuration list for PBXProject "Team Happy" */;
			compatibilityVersion = "Xcode 3.2";
			developmentRegion = English;
			hasScannedForEncodings = 0;
			knownRegions = (
				en,
				Base,
			);
			mainGroup = 813EE5261B2F088900C5DE07;
			productRefGroup = 813EE5301B2F088900C5DE07 /* Products */;
			projectDirPath = "";
			projectRoot = "";
			targets = (
				813EE52E1B2F088900C5DE07 /* Team Happy */,
				813EE5471B2F088900C5DE07 /* Team HappyTests */,
			);
		};
/* End PBXProject section */

/* Begin PBXResourcesBuildPhase section */
		813EE52D1B2F088900C5DE07 /* Resources */ = {
			isa = PBXResourcesBuildPhase;
			buildActionMask = 2147483647;
			files = (
				813EE53E1B2F088900C5DE07 /* Main.storyboard in Resources */,
				813EE5431B2F088900C5DE07 /* LaunchScreen.xib in Resources */,
				813EE5401B2F088900C5DE07 /* Images.xcassets in Resources */,
			);
			runOnlyForDeploymentPostprocessing = 0;
		};
		813EE5461B2F088900C5DE07 /* Resources */ = {
			isa = PBXResourcesBuildPhase;
			buildActionMask = 2147483647;
			files = (
			);
			runOnlyForDeploymentPostprocessing = 0;
		};
/* End PBXResourcesBuildPhase section */

/* Begin PBXSourcesBuildPhase section */
		813EE52B1B2F088900C5DE07 /* Sources */ = {
			isa = PBXSourcesBuildPhase;
			buildActionMask = 2147483647;
			files = (
				813EE55C1B2F156B00C5DE07 /* EndscreenView.m in Sources */,
				813EE53B1B2F088900C5DE07 /* ViewController.m in Sources */,
				813EE55F1B2F162F00C5DE07 /* EndscreenViewController.m in Sources */,
				813EE5381B2F088900C5DE07 /* AppDelegate.m in Sources */,
				813EE5351B2F088900C5DE07 /* main.m in Sources */,
			);
			runOnlyForDeploymentPostprocessing = 0;
		};
		813EE5441B2F088900C5DE07 /* Sources */ = {
			isa = PBXSourcesBuildPhase;
			buildActionMask = 2147483647;
			files = (
				813EE54F1B2F088900C5DE07 /* Team_HappyTests.m in Sources */,
			);
			runOnlyForDeploymentPostprocessing = 0;
		};
/* End PBXSourcesBuildPhase section */

/* Begin PBXTargetDependency section */
		813EE54A1B2F088900C5DE07 /* PBXTargetDependency */ = {
			isa = PBXTargetDependency;
			target = 813EE52E1B2F088900C5DE07 /* Team Happy */;
			targetProxy = 813EE5491B2F088900C5DE07 /* PBXContainerItemProxy */;
		};
/* End PBXTargetDependency section */

/* Begin PBXVariantGroup section */
		813EE53C1B2F088900C5DE07 /* Main.storyboard */ = {
			isa = PBXVariantGroup;
			children = (
				813EE53D1B2F088900C5DE07 /* Base */,
			);
			name = Main.storyboard;
			sourceTree = "<group>";
		};
		813EE5411B2F088900C5DE07 /* LaunchScreen.xib */ = {
			isa = PBXVariantGroup;
			children = (
				813EE5421B2F088900C5DE07 /* Base */,
			);
			name = LaunchScreen.xib;
			sourceTree = "<group>";
		};
/* End PBXVariantGroup section */

/* Begin XCBuildConfiguration section */
		813EE5501B2F088900C5DE07 /* Debug */ = {
			isa = XCBuildConfiguration;
			buildSettings = {
				ALWAYS_SEARCH_USER_PATHS = NO;
				CLANG_CXX_LANGUAGE_STANDARD = "gnu++0x";
				CLANG_CXX_LIBRARY = "libc++";
				CLANG_ENABLE_MODULES = YES;
				CLANG_ENABLE_OBJC_ARC = YES;
				CLANG_WARN_BOOL_CONVERSION = YES;
				CLANG_WARN_CONSTANT_CONVERSION = YES;
				CLANG_WARN_DIRECT_OBJC_ISA_USAGE = YES_ERROR;
				CLANG_WARN_EMPTY_BODY = YES;
				CLANG_WARN_ENUM_CONVERSION = YES;
				CLANG_WARN_INT_CONVERSION = YES;
				CLANG_WARN_OBJC_ROOT_CLASS = YES_ERROR;
				CLANG_WARN_UNREACHABLE_CODE = YES;
				CLANG_WARN__DUPLICATE_METHOD_MATCH = YES;
				"CODE_SIGN_IDENTITY[sdk=iphoneos*]" = "iPhone Developer";
				COPY_PHASE_STRIP = NO;
				DEBUG_INFORMATION_FORMAT = "dwarf-with-dsym";
				ENABLE_STRICT_OBJC_MSGSEND = YES;
				GCC_C_LANGUAGE_STANDARD = gnu99;
				GCC_DYNAMIC_NO_PIC = NO;
				GCC_NO_COMMON_BLOCKS = YES;
				GCC_OPTIMIZATION_LEVEL = 0;
				GCC_PREPROCESSOR_DEFINITIONS = (
					"DEBUG=1",
					"$(inherited)",
				);
				GCC_SYMBOLS_PRIVATE_EXTERN = NO;
				GCC_WARN_64_TO_32_BIT_CONVERSION = YES;
				GCC_WARN_ABOUT_RETURN_TYPE = YES_ERROR;
				GCC_WARN_UNDECLARED_SELECTOR = YES;
				GCC_WARN_UNINITIALIZED_AUTOS = YES_AGGRESSIVE;
				GCC_WARN_UNUSED_FUNCTION = YES;
				GCC_WARN_UNUSED_VARIABLE = YES;
				IPHONEOS_DEPLOYMENT_TARGET = 8.3;
				MTL_ENABLE_DEBUG_INFO = YES;
				ONLY_ACTIVE_ARCH = YES;
				SDKROOT = iphoneos;
				TARGETED_DEVICE_FAMILY = 2;
			};
			name = Debug;
		};
		813EE5511B2F088900C5DE07 /* Release */ = {
			isa = XCBuildConfiguration;
			buildSettings = {
				ALWAYS_SEARCH_USER_PATHS = NO;
				CLANG_CXX_LANGUAGE_STANDARD = "gnu++0x";
				CLANG_CXX_LIBRARY = "libc++";
				CLANG_ENABLE_MODULES = YES;
				CLANG_ENABLE_OBJC_ARC = YES;
				CLANG_WARN_BOOL_CONVERSION = YES;
				CLANG_WARN_CONSTANT_CONVERSION = YES;
				CLANG_WARN_DIRECT_OBJC_ISA_USAGE = YES_ERROR;
				CLANG_WARN_EMPTY_BODY = YES;
				CLANG_WARN_ENUM_CONVERSION = YES;
				CLANG_WARN_INT_CONVERSION = YES;
				CLANG_WARN_OBJC_ROOT_CLASS = YES_ERROR;
				CLANG_WARN_UNREACHABLE_CODE = YES;
				CLANG_WARN__DUPLICATE_METHOD_MATCH = YES;
				"CODE_SIGN_IDENTITY[sdk=iphoneos*]" = "iPhone Developer";
				COPY_PHASE_STRIP = NO;
				DEBUG_INFORMATION_FORMAT = "dwarf-with-dsym";
				ENABLE_NS_ASSERTIONS = NO;
				ENABLE_STRICT_OBJC_MSGSEND = YES;
				GCC_C_LANGUAGE_STANDARD = gnu99;
				GCC_NO_COMMON_BLOCKS = YES;
				GCC_WARN_64_TO_32_BIT_CONVERSION = YES;
				GCC_WARN_ABOUT_RETURN_TYPE = YES_ERROR;
				GCC_WARN_UNDECLARED_SELECTOR = YES;
				GCC_WARN_UNINITIALIZED_AUTOS = YES_AGGRESSIVE;
				GCC_WARN_UNUSED_FUNCTION = YES;
				GCC_WARN_UNUSED_VARIABLE = YES;
				IPHONEOS_DEPLOYMENT_TARGET = 8.3;
				MTL_ENABLE_DEBUG_INFO = NO;
				SDKROOT = iphoneos;
				TARGETED_DEVICE_FAMILY = 2;
				VALIDATE_PRODUCT = YES;
			};
			name = Release;
		};
		813EE5531B2F088900C5DE07 /* Debug */ = {
			isa = XCBuildConfiguration;
			buildSettings = {
				ASSETCATALOG_COMPILER_APPICON_NAME = AppIcon;
				CODE_SIGN_IDENTITY = "iPhone Developer";
				INFOPLIST_FILE = "Team Happy/Info.plist";
				LD_RUNPATH_SEARCH_PATHS = "$(inherited) @executable_path/Frameworks";
				PRODUCT_NAME = "$(TARGET_NAME)";
			};
			name = Debug;
		};
		813EE5541B2F088900C5DE07 /* Release */ = {
			isa = XCBuildConfiguration;
			buildSettings = {
				ASSETCATALOG_COMPILER_APPICON_NAME = AppIcon;
				CODE_SIGN_IDENTITY = "iPhone Developer";
				INFOPLIST_FILE = "Team Happy/Info.plist";
				LD_RUNPATH_SEARCH_PATHS = "$(inherited) @executable_path/Frameworks";
				PRODUCT_NAME = "$(TARGET_NAME)";
			};
			name = Release;
		};
		813EE5561B2F088900C5DE07 /* Debug */ = {
			isa = XCBuildConfiguration;
			buildSettings = {
				BUNDLE_LOADER = "$(TEST_HOST)";
				FRAMEWORK_SEARCH_PATHS = (
					"$(SDKROOT)/Developer/Library/Frameworks",
					"$(inherited)",
				);
				GCC_PREPROCESSOR_DEFINITIONS = (
					"DEBUG=1",
					"$(inherited)",
				);
				INFOPLIST_FILE = "Team HappyTests/Info.plist";
				LD_RUNPATH_SEARCH_PATHS = "$(inherited) @executable_path/Frameworks @loader_path/Frameworks";
				PRODUCT_NAME = "$(TARGET_NAME)";
				TEST_HOST = "$(BUILT_PRODUCTS_DIR)/Team Happy.app/Team Happy";
			};
			name = Debug;
		};
		813EE5571B2F088900C5DE07 /* Release */ = {
			isa = XCBuildConfiguration;
			buildSettings = {
				BUNDLE_LOADER = "$(TEST_HOST)";
				FRAMEWORK_SEARCH_PATHS = (
					"$(SDKROOT)/Developer/Library/Frameworks",
					"$(inherited)",
				);
				INFOPLIST_FILE = "Team HappyTests/Info.plist";
				LD_RUNPATH_SEARCH_PATHS = "$(inherited) @executable_path/Frameworks @loader_path/Frameworks";
				PRODUCT_NAME = "$(TARGET_NAME)";
				TEST_HOST = "$(BUILT_PRODUCTS_DIR)/Team Happy.app/Team Happy";
			};
			name = Release;
		};
/* End XCBuildConfiguration section */

/* Begin XCConfigurationList section */
		813EE52A1B2F088900C5DE07 /* Build configuration list for PBXProject "Team Happy" */ = {
			isa = XCConfigurationList;
			buildConfigurations = (
				813EE5501B2F088900C5DE07 /* Debug */,
				813EE5511B2F088900C5DE07 /* Release */,
			);
			defaultConfigurationIsVisible = 0;
			defaultConfigurationName = Release;
		};
		813EE5521B2F088900C5DE07 /* Build configuration list for PBXNativeTarget "Team Happy" */ = {
			isa = XCConfigurationList;
			buildConfigurations = (
				813EE5531B2F088900C5DE07 /* Debug */,
				813EE5541B2F088900C5DE07 /* Release */,
			);
			defaultConfigurationIsVisible = 0;
		};
		813EE5551B2F088900C5DE07 /* Build configuration list for PBXNativeTarget "Team HappyTests" */ = {
			isa = XCConfigurationList;
			buildConfigurations = (
				813EE5561B2F088900C5DE07 /* Debug */,
				813EE5571B2F088900C5DE07 /* Release */,
			);
			defaultConfigurationIsVisible = 0;
		};
/* End XCConfigurationList section */
	};
	rootObject = 813EE5271B2F088900C5DE07 /* Project object */;
}
